load_raw_data:
  cmd: python load_raw_data.py
  deps:
  - path: load_raw_data.py
    md5: 7133571182925d327e83aa3aa6fb987d
  outs:
  - path: data/interim/loans.csv
    md5: 6b1f67e7ce31f3bca19c927ba591525f
  - path: data/raw/LoanStats3a.csv
    md5: e860be3c042b76f0417f992f83f903d9
etl_data:
  cmd: python etl_data.py
  deps:
  - path: data/interim/loans.csv
    md5: 6b1f67e7ce31f3bca19c927ba591525f
  - path: etl_data.py
    md5: b1b35db8019dfb2534ab13c22ea7f3e7
  outs:
  - path: data/processed/loans.parquet
    md5: a897fb332e3ab9768aaf14a5474f9226
train_lgbm:
  cmd: python train_lgbm.py --config config.yaml
  deps:
  - path: config.yaml
    md5: fc2d0bc0290e26c9038b9540c33a6be6
  - path: data/processed/loans.parquet
    md5: a897fb332e3ab9768aaf14a5474f9226
  - path: train_lgbm.py
    md5: 28d3a3cf872816f995df8e9c7c975252
